
Microsoft Visual Studio Solution File, Format Version 12.00
# Visual Studio Version 16
VisualStudioVersion = 16.0.31321.278
MinimumVisualStudioVersion = 10.0.40219.1
Project("{FAE04EC0-301F-11D3-BF4B-00C04F79EFBC}") = "WebApplication2", "WebApplication2\WebApplication2.csproj", "{5B15E7F2-8378-489D-B1AB-7270FB048552}"
EndProject
Global
	GlobalSection(SolutionConfigurationPlatforms) = preSolution
		Debug|Any CPU = Debug|Any CPU
		Release|Any CPU = Release|Any CPU
	EndGlobalSection
	GlobalSection(ProjectConfigurationPlatforms) = postSolution
		{5B15E7F2-8378-489D-B1AB-7270FB048552}.Debug|Any CPU.ActiveCfg = Debug|Any CPU
		{5B15E7F2-8378-489D-B1AB-7270FB048552}.Debug|Any CPU.Build.0 = Debug|Any CPU
		{5B15E7F2-8378-489D-B1AB-7270FB048552}.Release|Any CPU.ActiveCfg = Release|Any CPU
		{5B15E7F2-8378-489D-B1AB-7270FB048552}.Release|Any CPU.Build.0 = Release|Any CPU
	EndGlobalSection
	GlobalSection(SolutionProperties) = preSolution
		HideSolutionNode = FALSE
	EndGlobalSection
	GlobalSection(ExtensibilityGlobals) = postSolution
		SolutionGuid = {188BFA43-E008-4715-8DBA-09C15F0C9B8B}
	EndGlobalSection
EndGlobal
